id: mqtt_mqtt_sink
label: mqtt_sink
category: '[mqtt]'

templates:
  imports: from gnuradio import mqtt
  make: mqtt.mqtt_sink(${host}, ${port}, ${topic}, ${username}, ${password})

#  Make one 'parameters' list entry for every parameter you want settable from the GUI.
#     Keys include:
#     * id (makes the value accessible as keyname, e.g. in the make entry)
#     * label (label shown in the GUI)
#     * dtype (e.g. int, float, complex, byte, short, xxx_vector, ...)
#     * default
parameters:
- id: host
  label: MQTT Broker Host
  dtype: string
  default:
- id: port
  label: MQTT Broker Port
  dtype: int
  default:
- id: topic
  label: MQTT Topic
  dtype: string
  default:
- id: username
  label: MQTT Username 
  dtype: string
  default:
  hide: part
- id: password
  label: MQTT Password
  dtype: string
  default:
  hide: part

#  Make one 'inputs' list entry per input and one 'outputs' list entry per output.
#  Keys include:
#      * label (an identifier for the GUI)
#      * domain (optional - stream or message. Default is stream)
#      * dtype (e.g. int, float, complex, byte, short, xxx_vector, ...)
#      * vlen (optional - data stream vector length. Default is 1)
#      * optional (optional - set to 1 for optional inputs. Default is 0)
inputs:
- label: message
  dtype: message

outputs:
#- label: ...
#  domain: ...
#  dtype: ...
#  vlen: ...
#  optional: ...

#  'file_format' specifies the version of the GRC yml format used in the file
#  and should usually not be changed.
file_format: 1
